
Microsoft Visual Studio Solution File, Format Version 12.00
# Visual Studio Version 16
VisualStudioVersion = 16.0.28407.52
MinimumVisualStudioVersion = 10.0.40219.1
Project("{9A19103F-16F7-4668-BE54-9A1E7A4F7556}") = "EngMonarchServiceApi", "EngMonarchServiceApi\EngMonarchServiceApi.csproj", "{DE065C30-A4F2-46A6-AC82-F4D34196A1E1}"
EndProject
Global
	GlobalSection(SolutionConfigurationPlatforms) = preSolution
		Debug|Any CPU = Debug|Any CPU
		Release|Any CPU = Release|Any CPU
	EndGlobalSection
	GlobalSection(ProjectConfigurationPlatforms) = postSolution
		{DE065C30-A4F2-46A6-AC82-F4D34196A1E1}.Debug|Any CPU.ActiveCfg = Debug|Any CPU
		{DE065C30-A4F2-46A6-AC82-F4D34196A1E1}.Debug|Any CPU.Build.0 = Debug|Any CPU
		{DE065C30-A4F2-46A6-AC82-F4D34196A1E1}.Release|Any CPU.ActiveCfg = Release|Any CPU
		{DE065C30-A4F2-46A6-AC82-F4D34196A1E1}.Release|Any CPU.Build.0 = Release|Any CPU
	EndGlobalSection
	GlobalSection(SolutionProperties) = preSolution
		HideSolutionNode = FALSE
	EndGlobalSection
	GlobalSection(ExtensibilityGlobals) = postSolution
		SolutionGuid = {C67B1D12-306E-4EDF-A63D-53387E5652FB}
	EndGlobalSection
EndGlobal
